schema: '2.0'
stages:
  validate_and_save_data:
    cmd: python src/load_data.py --config=params.yaml
    deps:
    - path: data/external/
      md5: 70c0e80fcad998278685af45d42a292b.dir
      size: 1652476
      nfiles: 88
    - path: data_validation/validate_data.py
      md5: 0679c028642fec1e7872c4d0d7984011
      size: 2191
    - path: logger/myLogger.py
      md5: 961c81f55fc6e970cb9c246f718eed46
      size: 669
    - path: src/functions.py
      md5: 66ecec14856017f37050c30953c0c83e
      size: 328
    - path: src/load_data.py
      md5: b3855f6326496eb07dd6a868d18f6c65
      size: 1532
    outs:
    - path: data/raw/master_dataset.csv
      md5: e92812a1f060feb04a3579624a1bc2d4
      size: 1950912
